// !$*UTF8*$!
{
	archiveVersion = 1;
	classes = {
	};
	objectVersion = 56;
	objects = {

/* Begin PBXBuildFile section */
		7D2CE6762ACED8E1000C4E3C /* SalaryCounterApp.swift in Sources */ = {isa = PBXBuildFile; fileRef = 7D2CE6752ACED8E1000C4E3C /* SalaryCounterApp.swift */; };
		7D2CE6782ACED8E1000C4E3C /* ContentView.swift in Sources */ = {isa = PBXBuildFile; fileRef = 7D2CE6772ACED8E1000C4E3C /* ContentView.swift */; };
		7D2CE67A2ACED8E1000C4E3C /* Assets.xcassets in Resources */ = {isa = PBXBuildFile; fileRef = 7D2CE6792ACED8E1000C4E3C /* Assets.xcassets */; };
		7D2CE67D2ACED8E1000C4E3C /* Preview Assets.xcassets in Resources */ = {isa = PBXBuildFile; fileRef = 7D2CE67C2ACED8E1000C4E3C /* Preview Assets.xcassets */; };
		7D2CE6882ACED8E2000C4E3C /* SalaryCounterTests.swift in Sources */ = {isa = PBXBuildFile; fileRef = 7D2CE6872ACED8E2000C4E3C /* SalaryCounterTests.swift */; };
		7D2CE6922ACED8E2000C4E3C /* SalaryCounterUITests.swift in Sources */ = {isa = PBXBuildFile; fileRef = 7D2CE6912ACED8E2000C4E3C /* SalaryCounterUITests.swift */; };
		7D2CE6942ACED8E2000C4E3C /* SalaryCounterUITestsLaunchTests.swift in Sources */ = {isa = PBXBuildFile; fileRef = 7D2CE6932ACED8E2000C4E3C /* SalaryCounterUITestsLaunchTests.swift */; };
/* End PBXBuildFile section */

/* Begin PBXContainerItemProxy section */
		7D2CE6842ACED8E2000C4E3C /* PBXContainerItemProxy */ = {
			isa = PBXContainerItemProxy;
			containerPortal = 7D2CE66A2ACED8E1000C4E3C /* Project object */;
			proxyType = 1;
			remoteGlobalIDString = 7D2CE6712ACED8E1000C4E3C;
			remoteInfo = SalaryCounter;
		};
		7D2CE68E2ACED8E2000C4E3C /* PBXContainerItemProxy */ = {
			isa = PBXContainerItemProxy;
			containerPortal = 7D2CE66A2ACED8E1000C4E3C /* Project object */;
			proxyType = 1;
			remoteGlobalIDString = 7D2CE6712ACED8E1000C4E3C;
			remoteInfo = SalaryCounter;
		};
/* End PBXContainerItemProxy section */

/* Begin PBXFileReference section */
		7D2CE6722ACED8E1000C4E3C /* SalaryCounter.app */ = {isa = PBXFileReference; explicitFileType = wrapper.application; includeInIndex = 0; path = SalaryCounter.app; sourceTree = BUILT_PRODUCTS_DIR; };
		7D2CE6752ACED8E1000C4E3C /* SalaryCounterApp.swift */ = {isa = PBXFileReference; lastKnownFileType = sourcecode.swift; path = SalaryCounterApp.swift; sourceTree = "<group>"; };
		7D2CE6772ACED8E1000C4E3C /* ContentView.swift */ = {isa = PBXFileReference; lastKnownFileType = sourcecode.swift; path = ContentView.swift; sourceTree = "<group>"; };
		7D2CE6792ACED8E1000C4E3C /* Assets.xcassets */ = {isa = PBXFileReference; lastKnownFileType = folder.assetcatalog; path = Assets.xcassets; sourceTree = "<group>"; };
		7D2CE67C2ACED8E1000C4E3C /* Preview Assets.xcassets */ = {isa = PBXFileReference; lastKnownFileType = folder.assetcatalog; path = "Preview Assets.xcassets"; sourceTree = "<group>"; };
		7D2CE67E2ACED8E1000C4E3C /* SalaryCounter.entitlements */ = {isa = PBXFileReference; lastKnownFileType = text.plist.entitlements; path = SalaryCounter.entitlements; sourceTree = "<group>"; };
		7D2CE6832ACED8E2000C4E3C /* SalaryCounterTests.xctest */ = {isa = PBXFileReference; explicitFileType = wrapper.cfbundle; includeInIndex = 0; path = SalaryCounterTests.xctest; sourceTree = BUILT_PRODUCTS_DIR; };
		7D2CE6872ACED8E2000C4E3C /* SalaryCounterTests.swift */ = {isa = PBXFileReference; lastKnownFileType = sourcecode.swift; path = SalaryCounterTests.swift; sourceTree = "<group>"; };
		7D2CE68D2ACED8E2000C4E3C /* SalaryCounterUITests.xctest */ = {isa = PBXFileReference; explicitFileType = wrapper.cfbundle; includeInIndex = 0; path = SalaryCounterUITests.xctest; sourceTree = BUILT_PRODUCTS_DIR; };
		7D2CE6912ACED8E2000C4E3C /* SalaryCounterUITests.swift */ = {isa = PBXFileReference; lastKnownFileType = sourcecode.swift; path = SalaryCounterUITests.swift; sourceTree = "<group>"; };
		7D2CE6932ACED8E2000C4E3C /* SalaryCounterUITestsLaunchTests.swift */ = {isa = PBXFileReference; lastKnownFileType = sourcecode.swift; path = SalaryCounterUITestsLaunchTests.swift; sourceTree = "<group>"; };
/* End PBXFileReference section */

/* Begin PBXFrameworksBuildPhase section */
		7D2CE66F2ACED8E1000C4E3C /* Frameworks */ = {
			isa = PBXFrameworksBuildPhase;
			buildActionMask = 2147483647;
			files = (
			);
			runOnlyForDeploymentPostprocessing = 0;
		};
		7D2CE6802ACED8E2000C4E3C /* Frameworks */ = {
			isa = PBXFrameworksBuildPhase;
			buildActionMask = 2147483647;
			files = (
			);
			runOnlyForDeploymentPostprocessing = 0;
		};
		7D2CE68A2ACED8E2000C4E3C /* Frameworks */ = {
			isa = PBXFrameworksBuildPhase;
			buildActionMask = 2147483647;
			files = (
			);
			runOnlyForDeploymentPostprocessing = 0;
		};
/* End PBXFrameworksBuildPhase section */

/* Begin PBXGroup section */
		7D2CE6692ACED8E1000C4E3C = {
			isa = PBXGroup;
			children = (
				7D2CE6742ACED8E1000C4E3C /* SalaryCounter */,
				7D2CE6862ACED8E2000C4E3C /* SalaryCounterTests */,
				7D2CE6902ACED8E2000C4E3C /* SalaryCounterUITests */,
				7D2CE6732ACED8E1000C4E3C /* Products */,
			);
			sourceTree = "<group>";
		};
		7D2CE6732ACED8E1000C4E3C /* Products */ = {
			isa = PBXGroup;
			children = (
				7D2CE6722ACED8E1000C4E3C /* SalaryCounter.app */,
				7D2CE6832ACED8E2000C4E3C /* SalaryCounterTests.xctest */,
				7D2CE68D2ACED8E2000C4E3C /* SalaryCounterUITests.xctest */,
			);
			name = Products;
			sourceTree = "<group>";
		};
		7D2CE6742ACED8E1000C4E3C /* SalaryCounter */ = {
			isa = PBXGroup;
			children = (
				7D2CE6752ACED8E1000C4E3C /* SalaryCounterApp.swift */,
				7D2CE6772ACED8E1000C4E3C /* ContentView.swift */,
				7D2CE6792ACED8E1000C4E3C /* Assets.xcassets */,
				7D2CE67E2ACED8E1000C4E3C /* SalaryCounter.entitlements */,
				7D2CE67B2ACED8E1000C4E3C /* Preview Content */,
			);
			path = SalaryCounter;
			sourceTree = "<group>";
		};
		7D2CE67B2ACED8E1000C4E3C /* Preview Content */ = {
			isa = PBXGroup;
			children = (
				7D2CE67C2ACED8E1000C4E3C /* Preview Assets.xcassets */,
			);
			path = "Preview Content";
			sourceTree = "<group>";
		};
		7D2CE6862ACED8E2000C4E3C /* SalaryCounterTests */ = {
			isa = PBXGroup;
			children = (
				7D2CE6872ACED8E2000C4E3C /* SalaryCounterTests.swift */,
			);
			path = SalaryCounterTests;
			sourceTree = "<group>";
		};
		7D2CE6902ACED8E2000C4E3C /* SalaryCounterUITests */ = {
			isa = PBXGroup;
			children = (
				7D2CE6912ACED8E2000C4E3C /* SalaryCounterUITests.swift */,
				7D2CE6932ACED8E2000C4E3C /* SalaryCounterUITestsLaunchTests.swift */,
			);
			path = SalaryCounterUITests;
			sourceTree = "<group>";
		};
/* End PBXGroup section */

/* Begin PBXNativeTarget section */
		7D2CE6712ACED8E1000C4E3C /* SalaryCounter */ = {
			isa = PBXNativeTarget;
			buildConfigurationList = 7D2CE6972ACED8E2000C4E3C /* Build configuration list for PBXNativeTarget "SalaryCounter" */;
			buildPhases = (
				7D2CE66E2ACED8E1000C4E3C /* Sources */,
				7D2CE66F2ACED8E1000C4E3C /* Frameworks */,
				7D2CE6702ACED8E1000C4E3C /* Resources */,
			);
			buildRules = (
			);
			dependencies = (
			);
			name = SalaryCounter;
			productName = SalaryCounter;
			productReference = 7D2CE6722ACED8E1000C4E3C /* SalaryCounter.app */;
			productType = "com.apple.product-type.application";
		};
		7D2CE6822ACED8E2000C4E3C /* SalaryCounterTests */ = {
			isa = PBXNativeTarget;
			buildConfigurationList = 7D2CE69A2ACED8E2000C4E3C /* Build configuration list for PBXNativeTarget "SalaryCounterTests" */;
			buildPhases = (
				7D2CE67F2ACED8E2000C4E3C /* Sources */,
				7D2CE6802ACED8E2000C4E3C /* Frameworks */,
				7D2CE6812ACED8E2000C4E3C /* Resources */,
			);
			buildRules = (
			);
			dependencies = (
				7D2CE6852ACED8E2000C4E3C /* PBXTargetDependency */,
			);
			name = SalaryCounterTests;
			productName = SalaryCounterTests;
			productReference = 7D2CE6832ACED8E2000C4E3C /* SalaryCounterTests.xctest */;
			productType = "com.apple.product-type.bundle.unit-test";
		};
		7D2CE68C2ACED8E2000C4E3C /* SalaryCounterUITests */ = {
			isa = PBXNativeTarget;
			buildConfigurationList = 7D2CE69D2ACED8E2000C4E3C /* Build configuration list for PBXNativeTarget "SalaryCounterUITests" */;
			buildPhases = (
				7D2CE6892ACED8E2000C4E3C /* Sources */,
				7D2CE68A2ACED8E2000C4E3C /* Frameworks */,
				7D2CE68B2ACED8E2000C4E3C /* Resources */,
			);
			buildRules = (
			);
			dependencies = (
				7D2CE68F2ACED8E2000C4E3C /* PBXTargetDependency */,
			);
			name = SalaryCounterUITests;
			productName = SalaryCounterUITests;
			productReference = 7D2CE68D2ACED8E2000C4E3C /* SalaryCounterUITests.xctest */;
			productType = "com.apple.product-type.bundle.ui-testing";
		};
/* End PBXNativeTarget section */

/* Begin PBXProject section */
		7D2CE66A2ACED8E1000C4E3C /* Project object */ = {
			isa = PBXProject;
			attributes = {
				BuildIndependentTargetsInParallel = 1;
				LastSwiftUpdateCheck = 1500;
				LastUpgradeCheck = 1500;
				TargetAttributes = {
					7D2CE6712ACED8E1000C4E3C = {
						CreatedOnToolsVersion = 15.0;
					};
					7D2CE6822ACED8E2000C4E3C = {
						CreatedOnToolsVersion = 15.0;
						TestTargetID = 7D2CE6712ACED8E1000C4E3C;
					};
					7D2CE68C2ACED8E2000C4E3C = {
						CreatedOnToolsVersion = 15.0;
						TestTargetID = 7D2CE6712ACED8E1000C4E3C;
					};
				};
			};
			buildConfigurationList = 7D2CE66D2ACED8E1000C4E3C /* Build configuration list for PBXProject "SalaryCounter" */;
			compatibilityVersion = "Xcode 14.0";
			developmentRegion = en;
			hasScannedForEncodings = 0;
			knownRegions = (
				en,
				Base,
			);
			mainGroup = 7D2CE6692ACED8E1000C4E3C;
			productRefGroup = 7D2CE6732ACED8E1000C4E3C /* Products */;
			projectDirPath = "";
			projectRoot = "";
			targets = (
				7D2CE6712ACED8E1000C4E3C /* SalaryCounter */,
				7D2CE6822ACED8E2000C4E3C /* SalaryCounterTests */,
				7D2CE68C2ACED8E2000C4E3C /* SalaryCounterUITests */,
			);
		};
/* End PBXProject section */

/* Begin PBXResourcesBuildPhase section */
		7D2CE6702ACED8E1000C4E3C /* Resources */ = {
			isa = PBXResourcesBuildPhase;
			buildActionMask = 2147483647;
			files = (
				7D2CE67D2ACED8E1000C4E3C /* Preview Assets.xcassets in Resources */,
				7D2CE67A2ACED8E1000C4E3C /* Assets.xcassets in Resources */,
			);
			runOnlyForDeploymentPostprocessing = 0;
		};
		7D2CE6812ACED8E2000C4E3C /* Resources */ = {
			isa = PBXResourcesBuildPhase;
			buildActionMask = 2147483647;
			files = (
			);
			runOnlyForDeploymentPostprocessing = 0;
		};
		7D2CE68B2ACED8E2000C4E3C /* Resources */ = {
			isa = PBXResourcesBuildPhase;
			buildActionMask = 2147483647;
			files = (
			);
			runOnlyForDeploymentPostprocessing = 0;
		};
/* End PBXResourcesBuildPhase section */

/* Begin PBXSourcesBuildPhase section */
		7D2CE66E2ACED8E1000C4E3C /* Sources */ = {
			isa = PBXSourcesBuildPhase;
			buildActionMask = 2147483647;
			files = (
				7D2CE6782ACED8E1000C4E3C /* ContentView.swift in Sources */,
				7D2CE6762ACED8E1000C4E3C /* SalaryCounterApp.swift in Sources */,
			);
			runOnlyForDeploymentPostprocessing = 0;
		};
		7D2CE67F2ACED8E2000C4E3C /* Sources */ = {
			isa = PBXSourcesBuildPhase;
			buildActionMask = 2147483647;
			files = (
				7D2CE6882ACED8E2000C4E3C /* SalaryCounterTests.swift in Sources */,
			);
			runOnlyForDeploymentPostprocessing = 0;
		};
		7D2CE6892ACED8E2000C4E3C /* Sources */ = {
			isa = PBXSourcesBuildPhase;
			buildActionMask = 2147483647;
			files = (
				7D2CE6922ACED8E2000C4E3C /* SalaryCounterUITests.swift in Sources */,
				7D2CE6942ACED8E2000C4E3C /* SalaryCounterUITestsLaunchTests.swift in Sources */,
			);
			runOnlyForDeploymentPostprocessing = 0;
		};
/* End PBXSourcesBuildPhase section */

/* Begin PBXTargetDependency section */
		7D2CE6852ACED8E2000C4E3C /* PBXTargetDependency */ = {
			isa = PBXTargetDependency;
			target = 7D2CE6712ACED8E1000C4E3C /* SalaryCounter */;
			targetProxy = 7D2CE6842ACED8E2000C4E3C /* PBXContainerItemProxy */;
		};
		7D2CE68F2ACED8E2000C4E3C /* PBXTargetDependency */ = {
			isa = PBXTargetDependency;
			target = 7D2CE6712ACED8E1000C4E3C /* SalaryCounter */;
			targetProxy = 7D2CE68E2ACED8E2000C4E3C /* PBXContainerItemProxy */;
		};
/* End PBXTargetDependency section */

/* Begin XCBuildConfiguration section */
		7D2CE6952ACED8E2000C4E3C /* Debug */ = {
			isa = XCBuildConfiguration;
			buildSettings = {
				ALWAYS_SEARCH_USER_PATHS = NO;
				ASSETCATALOG_COMPILER_GENERATE_SWIFT_ASSET_SYMBOL_EXTENSIONS = YES;
				CLANG_ANALYZER_NONNULL = YES;
				CLANG_ANALYZER_NUMBER_OBJECT_CONVERSION = YES_AGGRESSIVE;
				CLANG_CXX_LANGUAGE_STANDARD = "gnu++20";
				CLANG_ENABLE_MODULES = YES;
				CLANG_ENABLE_OBJC_ARC = YES;
				CLANG_ENABLE_OBJC_WEAK = YES;
				CLANG_WARN_BLOCK_CAPTURE_AUTORELEASING = YES;
				CLANG_WARN_BOOL_CONVERSION = YES;
				CLANG_WARN_COMMA = YES;
				CLANG_WARN_CONSTANT_CONVERSION = YES;
				CLANG_WARN_DEPRECATED_OBJC_IMPLEMENTATIONS = YES;
				CLANG_WARN_DIRECT_OBJC_ISA_USAGE = YES_ERROR;
				CLANG_WARN_DOCUMENTATION_COMMENTS = YES;
				CLANG_WARN_EMPTY_BODY = YES;
				CLANG_WARN_ENUM_CONVERSION = YES;
				CLANG_WARN_INFINITE_RECURSION = YES;
				CLANG_WARN_INT_CONVERSION = YES;
				CLANG_WARN_NON_LITERAL_NULL_CONVERSION = YES;
				CLANG_WARN_OBJC_IMPLICIT_RETAIN_SELF = YES;
				CLANG_WARN_OBJC_LITERAL_CONVERSION = YES;
				CLANG_WARN_OBJC_ROOT_CLASS = YES_ERROR;
				CLANG_WARN_QUOTED_INCLUDE_IN_FRAMEWORK_HEADER = YES;
				CLANG_WARN_RANGE_LOOP_ANALYSIS = YES;
				CLANG_WARN_STRICT_PROTOTYPES = YES;
				CLANG_WARN_SUSPICIOUS_MOVE = YES;
				CLANG_WARN_UNGUARDED_AVAILABILITY = YES_AGGRESSIVE;
				CLANG_WARN_UNREACHABLE_CODE = YES;
				CLANG_WARN__DUPLICATE_METHOD_MATCH = YES;
				COPY_PHASE_STRIP = NO;
				DEBUG_INFORMATION_FORMAT = dwarf;
				ENABLE_STRICT_OBJC_MSGSEND = YES;
				ENABLE_TESTABILITY = YES;
				ENABLE_USER_SCRIPT_SANDBOXING = YES;
				GCC_C_LANGUAGE_STANDARD = gnu17;
				GCC_DYNAMIC_NO_PIC = NO;
				GCC_NO_COMMON_BLOCKS = YES;
				GCC_OPTIMIZATION_LEVEL = 0;
				GCC_PREPROCESSOR_DEFINITIONS = (
					"DEBUG=1",
					"$(inherited)",
				);
				GCC_WARN_64_TO_32_BIT_CONVERSION = YES;
				GCC_WARN_ABOUT_RETURN_TYPE = YES_ERROR;
				GCC_WARN_UNDECLARED_SELECTOR = YES;
				GCC_WARN_UNINITIALIZED_AUTOS = YES_AGGRESSIVE;
				GCC_WARN_UNUSED_FUNCTION = YES;
				GCC_WARN_UNUSED_VARIABLE = YES;
				LOCALIZATION_PREFERS_STRING_CATALOGS = YES;
				MACOSX_DEPLOYMENT_TARGET = 14.0;
				MTL_ENABLE_DEBUG_INFO = INCLUDE_SOURCE;
				MTL_FAST_MATH = YES;
				ONLY_ACTIVE_ARCH = YES;
				SDKROOT = macosx;
				SWIFT_ACTIVE_COMPILATION_CONDITIONS = "DEBUG $(inherited)";
				SWIFT_OPTIMIZATION_LEVEL = "-Onone";
			};
			name = Debug;
		};
		7D2CE6962ACED8E2000C4E3C /* Release */ = {
			isa = XCBuildConfiguration;
			buildSettings = {
				ALWAYS_SEARCH_USER_PATHS = NO;
				ASSETCATALOG_COMPILER_GENERATE_SWIFT_ASSET_SYMBOL_EXTENSIONS = YES;
				CLANG_ANALYZER_NONNULL = YES;
				CLANG_ANALYZER_NUMBER_OBJECT_CONVERSION = YES_AGGRESSIVE;
				CLANG_CXX_LANGUAGE_STANDARD = "gnu++20";
				CLANG_ENABLE_MODULES = YES;
				CLANG_ENABLE_OBJC_ARC = YES;
				CLANG_ENABLE_OBJC_WEAK = YES;
				CLANG_WARN_BLOCK_CAPTURE_AUTORELEASING = YES;
				CLANG_WARN_BOOL_CONVERSION = YES;
				CLANG_WARN_COMMA = YES;
				CLANG_WARN_CONSTANT_CONVERSION = YES;
				CLANG_WARN_DEPRECATED_OBJC_IMPLEMENTATIONS = YES;
				CLANG_WARN_DIRECT_OBJC_ISA_USAGE = YES_ERROR;
				CLANG_WARN_DOCUMENTATION_COMMENTS = YES;
				CLANG_WARN_EMPTY_BODY = YES;
				CLANG_WARN_ENUM_CONVERSION = YES;
				CLANG_WARN_INFINITE_RECURSION = YES;
				CLANG_WARN_INT_CONVERSION = YES;
				CLANG_WARN_NON_LITERAL_NULL_CONVERSION = YES;
				CLANG_WARN_OBJC_IMPLICIT_RETAIN_SELF = YES;
				CLANG_WARN_OBJC_LITERAL_CONVERSION = YES;
				CLANG_WARN_OBJC_ROOT_CLASS = YES_ERROR;
				CLANG_WARN_QUOTED_INCLUDE_IN_FRAMEWORK_HEADER = YES;
				CLANG_WARN_RANGE_LOOP_ANALYSIS = YES;
				CLANG_WARN_STRICT_PROTOTYPES = YES;
				CLANG_WARN_SUSPICIOUS_MOVE = YES;
				CLANG_WARN_UNGUARDED_AVAILABILITY = YES_AGGRESSIVE;
				CLANG_WARN_UNREACHABLE_CODE = YES;
				CLANG_WARN__DUPLICATE_METHOD_MATCH = YES;
				COPY_PHASE_STRIP = NO;
				DEBUG_INFORMATION_FORMAT = "dwarf-with-dsym";
				ENABLE_NS_ASSERTIONS = NO;
				ENABLE_STRICT_OBJC_MSGSEND = YES;
				ENABLE_USER_SCRIPT_SANDBOXING = YES;
				GCC_C_LANGUAGE_STANDARD = gnu17;
				GCC_NO_COMMON_BLOCKS = YES;
				GCC_WARN_64_TO_32_BIT_CONVERSION = YES;
				GCC_WARN_ABOUT_RETURN_TYPE = YES_ERROR;
				GCC_WARN_UNDECLARED_SELECTOR = YES;
				GCC_WARN_UNINITIALIZED_AUTOS = YES_AGGRESSIVE;
				GCC_WARN_UNUSED_FUNCTION = YES;
				GCC_WARN_UNUSED_VARIABLE = YES;
				LOCALIZATION_PREFERS_STRING_CATALOGS = YES;
				MACOSX_DEPLOYMENT_TARGET = 14.0;
				MTL_ENABLE_DEBUG_INFO = NO;
				MTL_FAST_MATH = YES;
				SDKROOT = macosx;
				SWIFT_COMPILATION_MODE = wholemodule;
			};
			name = Release;
		};
		7D2CE6982ACED8E2000C4E3C /* Debug */ = {
			isa = XCBuildConfiguration;
			buildSettings = {
				ASSETCATALOG_COMPILER_APPICON_NAME = AppIcon;
				ASSETCATALOG_COMPILER_GLOBAL_ACCENT_COLOR_NAME = AccentColor;
				CODE_SIGN_ENTITLEMENTS = SalaryCounter/SalaryCounter.entitlements;
				CODE_SIGN_STYLE = Automatic;
				COMBINE_HIDPI_IMAGES = YES;
				CURRENT_PROJECT_VERSION = 1;
				DEVELOPMENT_ASSET_PATHS = "\"SalaryCounter/Preview Content\"";
				DEVELOPMENT_TEAM = M73V335V32;
				ENABLE_HARDENED_RUNTIME = YES;
				ENABLE_PREVIEWS = YES;
				GENERATE_INFOPLIST_FILE = YES;
				INFOPLIST_KEY_NSHumanReadableCopyright = "";
				LD_RUNPATH_SEARCH_PATHS = (
					"$(inherited)",
					"@executable_path/../Frameworks",
				);
				MARKETING_VERSION = 1.0;
				PRODUCT_BUNDLE_IDENTIFIER = no.birkeidsvik.SalaryCounter;
				PRODUCT_NAME = "$(TARGET_NAME)";
				SWIFT_EMIT_LOC_STRINGS = YES;
				SWIFT_VERSION = 5.0;
			};
			name = Debug;
		};
		7D2CE6992ACED8E2000C4E3C /* Release */ = {
			isa = XCBuildConfiguration;
			buildSettings = {
				ASSETCATALOG_COMPILER_APPICON_NAME = AppIcon;
				ASSETCATALOG_COMPILER_GLOBAL_ACCENT_COLOR_NAME = AccentColor;
				CODE_SIGN_ENTITLEMENTS = SalaryCounter/SalaryCounter.entitlements;
				CODE_SIGN_STYLE = Automatic;
				COMBINE_HIDPI_IMAGES = YES;
				CURRENT_PROJECT_VERSION = 1;
				DEVELOPMENT_ASSET_PATHS = "\"SalaryCounter/Preview Content\"";
				DEVELOPMENT_TEAM = M73V335V32;
				ENABLE_HARDENED_RUNTIME = YES;
				ENABLE_PREVIEWS = YES;
				GENERATE_INFOPLIST_FILE = YES;
				INFOPLIST_KEY_NSHumanReadableCopyright = "";
				LD_RUNPATH_SEARCH_PATHS = (
					"$(inherited)",
					"@executable_path/../Frameworks",
				);
				MARKETING_VERSION = 1.0;
				PRODUCT_BUNDLE_IDENTIFIER = no.birkeidsvik.SalaryCounter;
				PRODUCT_NAME = "$(TARGET_NAME)";
				SWIFT_EMIT_LOC_STRINGS = YES;
				SWIFT_VERSION = 5.0;
			};
			name = Release;
		};
		7D2CE69B2ACED8E2000C4E3C /* Debug */ = {
			isa = XCBuildConfiguration;
			buildSettings = {
				ALWAYS_EMBED_SWIFT_STANDARD_LIBRARIES = YES;
				BUNDLE_LOADER = "$(TEST_HOST)";
				CODE_SIGN_STYLE = Automatic;
				CURRENT_PROJECT_VERSION = 1;
				DEVELOPMENT_TEAM = M73V335V32;
				GENERATE_INFOPLIST_FILE = YES;
				MACOSX_DEPLOYMENT_TARGET = 14.0;
				MARKETING_VERSION = 1.0;
				PRODUCT_BUNDLE_IDENTIFIER = no.birkeidsvik.SalaryCounterTests;
				PRODUCT_NAME = "$(TARGET_NAME)";
				SWIFT_EMIT_LOC_STRINGS = NO;
				SWIFT_VERSION = 5.0;
				TEST_HOST = "$(BUILT_PRODUCTS_DIR)/SalaryCounter.app/$(BUNDLE_EXECUTABLE_FOLDER_PATH)/SalaryCounter";
			};
			name = Debug;
		};
		7D2CE69C2ACED8E2000C4E3C /* Release */ = {
			isa = XCBuildConfiguration;
			buildSettings = {
				ALWAYS_EMBED_SWIFT_STANDARD_LIBRARIES = YES;
				BUNDLE_LOADER = "$(TEST_HOST)";
				CODE_SIGN_STYLE = Automatic;
				CURRENT_PROJECT_VERSION = 1;
				DEVELOPMENT_TEAM = M73V335V32;
				GENERATE_INFOPLIST_FILE = YES;
				MACOSX_DEPLOYMENT_TARGET = 14.0;
				MARKETING_VERSION = 1.0;
				PRODUCT_BUNDLE_IDENTIFIER = no.birkeidsvik.SalaryCounterTests;
				PRODUCT_NAME = "$(TARGET_NAME)";
				SWIFT_EMIT_LOC_STRINGS = NO;
				SWIFT_VERSION = 5.0;
				TEST_HOST = "$(BUILT_PRODUCTS_DIR)/SalaryCounter.app/$(BUNDLE_EXECUTABLE_FOLDER_PATH)/SalaryCounter";
			};
			name = Release;
		};
		7D2CE69E2ACED8E2000C4E3C /* Debug */ = {
			isa = XCBuildConfiguration;
			buildSettings = {
				ALWAYS_EMBED_SWIFT_STANDARD_LIBRARIES = YES;
				CODE_SIGN_STYLE = Automatic;
				CURRENT_PROJECT_VERSION = 1;
				DEVELOPMENT_TEAM = M73V335V32;
				GENERATE_INFOPLIST_FILE = YES;
				MARKETING_VERSION = 1.0;
				PRODUCT_BUNDLE_IDENTIFIER = no.birkeidsvik.SalaryCounterUITests;
				PRODUCT_NAME = "$(TARGET_NAME)";
				SWIFT_EMIT_LOC_STRINGS = NO;
				SWIFT_VERSION = 5.0;
				TEST_TARGET_NAME = SalaryCounter;
			};
			name = Debug;
		};
		7D2CE69F2ACED8E2000C4E3C /* Release */ = {
			isa = XCBuildConfiguration;
			buildSettings = {
				ALWAYS_EMBED_SWIFT_STANDARD_LIBRARIES = YES;
				CODE_SIGN_STYLE = Automatic;
				CURRENT_PROJECT_VERSION = 1;
				DEVELOPMENT_TEAM = M73V335V32;
				GENERATE_INFOPLIST_FILE = YES;
				MARKETING_VERSION = 1.0;
				PRODUCT_BUNDLE_IDENTIFIER = no.birkeidsvik.SalaryCounterUITests;
				PRODUCT_NAME = "$(TARGET_NAME)";
				SWIFT_EMIT_LOC_STRINGS = NO;
				SWIFT_VERSION = 5.0;
				TEST_TARGET_NAME = SalaryCounter;
			};
			name = Release;
		};
/* End XCBuildConfiguration section */

/* Begin XCConfigurationList section */
		7D2CE66D2ACED8E1000C4E3C /* Build configuration list for PBXProject "SalaryCounter" */ = {
			isa = XCConfigurationList;
			buildConfigurations = (
				7D2CE6952ACED8E2000C4E3C /* Debug */,
				7D2CE6962ACED8E2000C4E3C /* Release */,
			);
			defaultConfigurationIsVisible = 0;
			defaultConfigurationName = Release;
		};
		7D2CE6972ACED8E2000C4E3C /* Build configuration list for PBXNativeTarget "SalaryCounter" */ = {
			isa = XCConfigurationList;
			buildConfigurations = (
				7D2CE6982ACED8E2000C4E3C /* Debug */,
				7D2CE6992ACED8E2000C4E3C /* Release */,
			);
			defaultConfigurationIsVisible = 0;
			defaultConfigurationName = Release;
		};
		7D2CE69A2ACED8E2000C4E3C /* Build configuration list for PBXNativeTarget "SalaryCounterTests" */ = {
			isa = XCConfigurationList;
			buildConfigurations = (
				7D2CE69B2ACED8E2000C4E3C /* Debug */,
				7D2CE69C2ACED8E2000C4E3C /* Release */,
			);
			defaultConfigurationIsVisible = 0;
			defaultConfigurationName = Release;
		};
		7D2CE69D2ACED8E2000C4E3C /* Build configuration list for PBXNativeTarget "SalaryCounterUITests" */ = {
			isa = XCConfigurationList;
			buildConfigurations = (
				7D2CE69E2ACED8E2000C4E3C /* Debug */,
				7D2CE69F2ACED8E2000C4E3C /* Release */,
			);
			defaultConfigurationIsVisible = 0;
			defaultConfigurationName = Release;
		};
/* End XCConfigurationList section */
	};
	rootObject = 7D2CE66A2ACED8E1000C4E3C /* Project object */;
}
